// !$*UTF8*$!
{
	archiveVersion = 1;
	classes = {
	};
	objectVersion = 46;
	objects = {

/* Begin PBXBuildFile section */
		8F32FA6B1B01D1F10056EB8E /* DetailTableViewController.m in Sources */ = {isa = PBXBuildFile; fileRef = 8F32FA6A1B01D1F10056EB8E /* DetailTableViewController.m */; };
		8F32FA6E1B01D25B0056EB8E /* XYZAbilityCell.m in Sources */ = {isa = PBXBuildFile; fileRef = 8F32FA6D1B01D25B0056EB8E /* XYZAbilityCell.m */; };
		8F32FA711B01D26D0056EB8E /* XYZBioCell.m in Sources */ = {isa = PBXBuildFile; fileRef = 8F32FA701B01D26D0056EB8E /* XYZBioCell.m */; };
		8F7C89C61AFF9902002B7C15 /* Foundation.framework in Frameworks */ = {isa = PBXBuildFile; fileRef = 8F7C89C51AFF9902002B7C15 /* Foundation.framework */; };
		8F7C89C81AFF9902002B7C15 /* CoreGraphics.framework in Frameworks */ = {isa = PBXBuildFile; fileRef = 8F7C89C71AFF9902002B7C15 /* CoreGraphics.framework */; };
		8F7C89CA1AFF9902002B7C15 /* UIKit.framework in Frameworks */ = {isa = PBXBuildFile; fileRef = 8F7C89C91AFF9902002B7C15 /* UIKit.framework */; };
		8F7C89D01AFF9902002B7C15 /* InfoPlist.strings in Resources */ = {isa = PBXBuildFile; fileRef = 8F7C89CE1AFF9902002B7C15 /* InfoPlist.strings */; };
		8F7C89D21AFF9902002B7C15 /* main.m in Sources */ = {isa = PBXBuildFile; fileRef = 8F7C89D11AFF9902002B7C15 /* main.m */; };
		8F7C89D61AFF9902002B7C15 /* XYZAppDelegate.m in Sources */ = {isa = PBXBuildFile; fileRef = 8F7C89D51AFF9902002B7C15 /* XYZAppDelegate.m */; };
		8F7C89D91AFF9902002B7C15 /* Main.storyboard in Resources */ = {isa = PBXBuildFile; fileRef = 8F7C89D71AFF9902002B7C15 /* Main.storyboard */; };
		8F7C89DC1AFF9902002B7C15 /* XYZViewController.m in Sources */ = {isa = PBXBuildFile; fileRef = 8F7C89DB1AFF9902002B7C15 /* XYZViewController.m */; };
		8F7C89DE1AFF9902002B7C15 /* Images.xcassets in Resources */ = {isa = PBXBuildFile; fileRef = 8F7C89DD1AFF9902002B7C15 /* Images.xcassets */; };
		8F7C89E51AFF9902002B7C15 /* XCTest.framework in Frameworks */ = {isa = PBXBuildFile; fileRef = 8F7C89E41AFF9902002B7C15 /* XCTest.framework */; };
		8F7C89E61AFF9902002B7C15 /* Foundation.framework in Frameworks */ = {isa = PBXBuildFile; fileRef = 8F7C89C51AFF9902002B7C15 /* Foundation.framework */; };
		8F7C89E71AFF9902002B7C15 /* UIKit.framework in Frameworks */ = {isa = PBXBuildFile; fileRef = 8F7C89C91AFF9902002B7C15 /* UIKit.framework */; };
		8F7C89EF1AFF9902002B7C15 /* InfoPlist.strings in Resources */ = {isa = PBXBuildFile; fileRef = 8F7C89ED1AFF9902002B7C15 /* InfoPlist.strings */; };
		8F7C89F11AFF9902002B7C15 /* TableDemoTests.m in Sources */ = {isa = PBXBuildFile; fileRef = 8F7C89F01AFF9902002B7C15 /* TableDemoTests.m */; };
		8F7C8A0C1B005297002B7C15 /* XYZHeroTableViewCell.m in Sources */ = {isa = PBXBuildFile; fileRef = 8F7C8A0B1B005297002B7C15 /* XYZHeroTableViewCell.m */; };
		F8BD8107D3856E34E6FCCB31 /* libPods.a in Frameworks */ = {isa = PBXBuildFile; fileRef = 52251C0DBBFEEF20D268BCEC /* libPods.a */; };
/* End PBXBuildFile section */

/* Begin PBXContainerItemProxy section */
		8F7C89E81AFF9902002B7C15 /* PBXContainerItemProxy */ = {
			isa = PBXContainerItemProxy;
			containerPortal = 8F7C89BA1AFF9902002B7C15 /* Project object */;
			proxyType = 1;
			remoteGlobalIDString = 8F7C89C11AFF9902002B7C15;
			remoteInfo = TableDemo;
		};
/* End PBXContainerItemProxy section */

/* Begin PBXFileReference section */
		1716A61012D781318FA7BA9E /* Pods.release.xcconfig */ = {isa = PBXFileReference; includeInIndex = 1; lastKnownFileType = text.xcconfig; name = Pods.release.xcconfig; path = "Pods/Target Support Files/Pods/Pods.release.xcconfig"; sourceTree = "<group>"; };
		52251C0DBBFEEF20D268BCEC /* libPods.a */ = {isa = PBXFileReference; explicitFileType = archive.ar; includeInIndex = 0; path = libPods.a; sourceTree = BUILT_PRODUCTS_DIR; };
		648E2E47A12AB0C34E98D330 /* Pods.debug.xcconfig */ = {isa = PBXFileReference; includeInIndex = 1; lastKnownFileType = text.xcconfig; name = Pods.debug.xcconfig; path = "Pods/Target Support Files/Pods/Pods.debug.xcconfig"; sourceTree = "<group>"; };
		8F32FA691B01D1F10056EB8E /* DetailTableViewController.h */ = {isa = PBXFileReference; fileEncoding = 4; lastKnownFileType = sourcecode.c.h; path = DetailTableViewController.h; sourceTree = "<group>"; };
		8F32FA6A1B01D1F10056EB8E /* DetailTableViewController.m */ = {isa = PBXFileReference; fileEncoding = 4; lastKnownFileType = sourcecode.c.objc; path = DetailTableViewController.m; sourceTree = "<group>"; };
		8F32FA6C1B01D25B0056EB8E /* XYZAbilityCell.h */ = {isa = PBXFileReference; fileEncoding = 4; lastKnownFileType = sourcecode.c.h; path = XYZAbilityCell.h; sourceTree = "<group>"; };
		8F32FA6D1B01D25B0056EB8E /* XYZAbilityCell.m */ = {isa = PBXFileReference; fileEncoding = 4; lastKnownFileType = sourcecode.c.objc; path = XYZAbilityCell.m; sourceTree = "<group>"; };
		8F32FA6F1B01D26D0056EB8E /* XYZBioCell.h */ = {isa = PBXFileReference; fileEncoding = 4; lastKnownFileType = sourcecode.c.h; path = XYZBioCell.h; sourceTree = "<group>"; };
		8F32FA701B01D26D0056EB8E /* XYZBioCell.m */ = {isa = PBXFileReference; fileEncoding = 4; lastKnownFileType = sourcecode.c.objc; path = XYZBioCell.m; sourceTree = "<group>"; };
		8F7C89C21AFF9902002B7C15 /* TableDemo.app */ = {isa = PBXFileReference; explicitFileType = wrapper.application; includeInIndex = 0; path = TableDemo.app; sourceTree = BUILT_PRODUCTS_DIR; };
		8F7C89C51AFF9902002B7C15 /* Foundation.framework */ = {isa = PBXFileReference; lastKnownFileType = wrapper.framework; name = Foundation.framework; path = System/Library/Frameworks/Foundation.framework; sourceTree = SDKROOT; };
		8F7C89C71AFF9902002B7C15 /* CoreGraphics.framework */ = {isa = PBXFileReference; lastKnownFileType = wrapper.framework; name = CoreGraphics.framework; path = System/Library/Frameworks/CoreGraphics.framework; sourceTree = SDKROOT; };
		8F7C89C91AFF9902002B7C15 /* UIKit.framework */ = {isa = PBXFileReference; lastKnownFileType = wrapper.framework; name = UIKit.framework; path = System/Library/Frameworks/UIKit.framework; sourceTree = SDKROOT; };
		8F7C89CD1AFF9902002B7C15 /* TableDemo-Info.plist */ = {isa = PBXFileReference; lastKnownFileType = text.plist.xml; path = "TableDemo-Info.plist"; sourceTree = "<group>"; };
		8F7C89CF1AFF9902002B7C15 /* en */ = {isa = PBXFileReference; lastKnownFileType = text.plist.strings; name = en; path = en.lproj/InfoPlist.strings; sourceTree = "<group>"; };
		8F7C89D11AFF9902002B7C15 /* main.m */ = {isa = PBXFileReference; lastKnownFileType = sourcecode.c.objc; path = main.m; sourceTree = "<group>"; };
		8F7C89D31AFF9902002B7C15 /* TableDemo-Prefix.pch */ = {isa = PBXFileReference; lastKnownFileType = sourcecode.c.h; path = "TableDemo-Prefix.pch"; sourceTree = "<group>"; };
		8F7C89D41AFF9902002B7C15 /* XYZAppDelegate.h */ = {isa = PBXFileReference; lastKnownFileType = sourcecode.c.h; path = XYZAppDelegate.h; sourceTree = "<group>"; };
		8F7C89D51AFF9902002B7C15 /* XYZAppDelegate.m */ = {isa = PBXFileReference; lastKnownFileType = sourcecode.c.objc; path = XYZAppDelegate.m; sourceTree = "<group>"; };
		8F7C89D81AFF9902002B7C15 /* Base */ = {isa = PBXFileReference; lastKnownFileType = file.storyboard; name = Base; path = Base.lproj/Main.storyboard; sourceTree = "<group>"; };
		8F7C89DA1AFF9902002B7C15 /* XYZViewController.h */ = {isa = PBXFileReference; lastKnownFileType = sourcecode.c.h; path = XYZViewController.h; sourceTree = "<group>"; };
		8F7C89DB1AFF9902002B7C15 /* XYZViewController.m */ = {isa = PBXFileReference; lastKnownFileType = sourcecode.c.objc; path = XYZViewController.m; sourceTree = "<group>"; };
		8F7C89DD1AFF9902002B7C15 /* Images.xcassets */ = {isa = PBXFileReference; lastKnownFileType = folder.assetcatalog; path = Images.xcassets; sourceTree = "<group>"; };
		8F7C89E31AFF9902002B7C15 /* TableDemoTests.xctest */ = {isa = PBXFileReference; explicitFileType = wrapper.cfbundle; includeInIndex = 0; path = TableDemoTests.xctest; sourceTree = BUILT_PRODUCTS_DIR; };
		8F7C89E41AFF9902002B7C15 /* XCTest.framework */ = {isa = PBXFileReference; lastKnownFileType = wrapper.framework; name = XCTest.framework; path = Library/Frameworks/XCTest.framework; sourceTree = DEVELOPER_DIR; };
		8F7C89EC1AFF9902002B7C15 /* TableDemoTests-Info.plist */ = {isa = PBXFileReference; lastKnownFileType = text.plist.xml; path = "TableDemoTests-Info.plist"; sourceTree = "<group>"; };
		8F7C89EE1AFF9902002B7C15 /* en */ = {isa = PBXFileReference; lastKnownFileType = text.plist.strings; name = en; path = en.lproj/InfoPlist.strings; sourceTree = "<group>"; };
		8F7C89F01AFF9902002B7C15 /* TableDemoTests.m */ = {isa = PBXFileReference; lastKnownFileType = sourcecode.c.objc; path = TableDemoTests.m; sourceTree = "<group>"; };
		8F7C8A0A1B005297002B7C15 /* XYZHeroTableViewCell.h */ = {isa = PBXFileReference; fileEncoding = 4; lastKnownFileType = sourcecode.c.h; path = XYZHeroTableViewCell.h; sourceTree = "<group>"; };
		8F7C8A0B1B005297002B7C15 /* XYZHeroTableViewCell.m */ = {isa = PBXFileReference; fileEncoding = 4; lastKnownFileType = sourcecode.c.objc; path = XYZHeroTableViewCell.m; sourceTree = "<group>"; };
/* End PBXFileReference section */

/* Begin PBXFrameworksBuildPhase section */
		8F7C89BF1AFF9902002B7C15 /* Frameworks */ = {
			isa = PBXFrameworksBuildPhase;
			buildActionMask = 2147483647;
			files = (
				8F7C89C81AFF9902002B7C15 /* CoreGraphics.framework in Frameworks */,
				8F7C89CA1AFF9902002B7C15 /* UIKit.framework in Frameworks */,
				8F7C89C61AFF9902002B7C15 /* Foundation.framework in Frameworks */,
				F8BD8107D3856E34E6FCCB31 /* libPods.a in Frameworks */,
			);
			runOnlyForDeploymentPostprocessing = 0;
		};
		8F7C89E01AFF9902002B7C15 /* Frameworks */ = {
			isa = PBXFrameworksBuildPhase;
			buildActionMask = 2147483647;
			files = (
				8F7C89E51AFF9902002B7C15 /* XCTest.framework in Frameworks */,
				8F7C89E71AFF9902002B7C15 /* UIKit.framework in Frameworks */,
				8F7C89E61AFF9902002B7C15 /* Foundation.framework in Frameworks */,
			);
			runOnlyForDeploymentPostprocessing = 0;
		};
/* End PBXFrameworksBuildPhase section */

/* Begin PBXGroup section */
		50A6B466B577D9E67CC9F575 /* Pods */ = {
			isa = PBXGroup;
			children = (
				648E2E47A12AB0C34E98D330 /* Pods.debug.xcconfig */,
				1716A61012D781318FA7BA9E /* Pods.release.xcconfig */,
			);
			name = Pods;
			sourceTree = "<group>";
		};
		8F7C89B91AFF9902002B7C15 = {
			isa = PBXGroup;
			children = (
				8F7C89CB1AFF9902002B7C15 /* TableDemo */,
				8F7C89EA1AFF9902002B7C15 /* TableDemoTests */,
				8F7C89C41AFF9902002B7C15 /* Frameworks */,
				8F7C89C31AFF9902002B7C15 /* Products */,
				50A6B466B577D9E67CC9F575 /* Pods */,
			);
			sourceTree = "<group>";
		};
		8F7C89C31AFF9902002B7C15 /* Products */ = {
			isa = PBXGroup;
			children = (
				8F7C89C21AFF9902002B7C15 /* TableDemo.app */,
				8F7C89E31AFF9902002B7C15 /* TableDemoTests.xctest */,
			);
			name = Products;
			sourceTree = "<group>";
		};
		8F7C89C41AFF9902002B7C15 /* Frameworks */ = {
			isa = PBXGroup;
			children = (
				8F7C89C51AFF9902002B7C15 /* Foundation.framework */,
				8F7C89C71AFF9902002B7C15 /* CoreGraphics.framework */,
				8F7C89C91AFF9902002B7C15 /* UIKit.framework */,
				8F7C89E41AFF9902002B7C15 /* XCTest.framework */,
				52251C0DBBFEEF20D268BCEC /* libPods.a */,
			);
			name = Frameworks;
			sourceTree = "<group>";
		};
		8F7C89CB1AFF9902002B7C15 /* TableDemo */ = {
			isa = PBXGroup;
			children = (
				8F7C89D71AFF9902002B7C15 /* Main.storyboard */,
				8F32FA6C1B01D25B0056EB8E /* XYZAbilityCell.h */,
				8F32FA6D1B01D25B0056EB8E /* XYZAbilityCell.m */,
				8F32FA6F1B01D26D0056EB8E /* XYZBioCell.h */,
				8F32FA701B01D26D0056EB8E /* XYZBioCell.m */,
				8F7C8A0A1B005297002B7C15 /* XYZHeroTableViewCell.h */,
				8F7C8A0B1B005297002B7C15 /* XYZHeroTableViewCell.m */,
				8F7C89D41AFF9902002B7C15 /* XYZAppDelegate.h */,
				8F7C89D51AFF9902002B7C15 /* XYZAppDelegate.m */,
				8F7C89DA1AFF9902002B7C15 /* XYZViewController.h */,
				8F7C89DB1AFF9902002B7C15 /* XYZViewController.m */,
				8F32FA691B01D1F10056EB8E /* DetailTableViewController.h */,
				8F32FA6A1B01D1F10056EB8E /* DetailTableViewController.m */,
				8F7C89DD1AFF9902002B7C15 /* Images.xcassets */,
				8F7C89CC1AFF9902002B7C15 /* Supporting Files */,
			);
			path = TableDemo;
			sourceTree = "<group>";
		};
		8F7C89CC1AFF9902002B7C15 /* Supporting Files */ = {
			isa = PBXGroup;
			children = (
				8F7C89CD1AFF9902002B7C15 /* TableDemo-Info.plist */,
				8F7C89CE1AFF9902002B7C15 /* InfoPlist.strings */,
				8F7C89D11AFF9902002B7C15 /* main.m */,
				8F7C89D31AFF9902002B7C15 /* TableDemo-Prefix.pch */,
			);
			name = "Supporting Files";
			sourceTree = "<group>";
		};
		8F7C89EA1AFF9902002B7C15 /* TableDemoTests */ = {
			isa = PBXGroup;
			children = (
				8F7C89F01AFF9902002B7C15 /* TableDemoTests.m */,
				8F7C89EB1AFF9902002B7C15 /* Supporting Files */,
			);
			path = TableDemoTests;
			sourceTree = "<group>";
		};
		8F7C89EB1AFF9902002B7C15 /* Supporting Files */ = {
			isa = PBXGroup;
			children = (
				8F7C89EC1AFF9902002B7C15 /* TableDemoTests-Info.plist */,
				8F7C89ED1AFF9902002B7C15 /* InfoPlist.strings */,
			);
			name = "Supporting Files";
			sourceTree = "<group>";
		};
/* End PBXGroup section */

/* Begin PBXNativeTarget section */
		8F7C89C11AFF9902002B7C15 /* TableDemo */ = {
			isa = PBXNativeTarget;
			buildConfigurationList = 8F7C89F41AFF9902002B7C15 /* Build configuration list for PBXNativeTarget "TableDemo" */;
			buildPhases = (
				C04533D09A518BF4F2656F67 /* Check Pods Manifest.lock */,
				8F7C89BE1AFF9902002B7C15 /* Sources */,
				8F7C89BF1AFF9902002B7C15 /* Frameworks */,
				8F7C89C01AFF9902002B7C15 /* Resources */,
				52BDCD409F0751A56806007A /* Copy Pods Resources */,
			);
			buildRules = (
			);
			dependencies = (
			);
			name = TableDemo;
			productName = TableDemo;
			productReference = 8F7C89C21AFF9902002B7C15 /* TableDemo.app */;
			productType = "com.apple.product-type.application";
		};
		8F7C89E21AFF9902002B7C15 /* TableDemoTests */ = {
			isa = PBXNativeTarget;
			buildConfigurationList = 8F7C89F71AFF9902002B7C15 /* Build configuration list for PBXNativeTarget "TableDemoTests" */;
			buildPhases = (
				8F7C89DF1AFF9902002B7C15 /* Sources */,
				8F7C89E01AFF9902002B7C15 /* Frameworks */,
				8F7C89E11AFF9902002B7C15 /* Resources */,
			);
			buildRules = (
			);
			dependencies = (
				8F7C89E91AFF9902002B7C15 /* PBXTargetDependency */,
			);
			name = TableDemoTests;
			productName = TableDemoTests;
			productReference = 8F7C89E31AFF9902002B7C15 /* TableDemoTests.xctest */;
			productType = "com.apple.product-type.bundle.unit-test";
		};
/* End PBXNativeTarget section */

/* Begin PBXProject section */
		8F7C89BA1AFF9902002B7C15 /* Project object */ = {
			isa = PBXProject;
			attributes = {
				CLASSPREFIX = XYZ;
				LastUpgradeCheck = 0510;
				ORGANIZATIONNAME = "___FULLUSERNAME___";
				TargetAttributes = {
					8F7C89E21AFF9902002B7C15 = {
						TestTargetID = 8F7C89C11AFF9902002B7C15;
					};
				};
			};
			buildConfigurationList = 8F7C89BD1AFF9902002B7C15 /* Build configuration list for PBXProject "TableDemo" */;
			compatibilityVersion = "Xcode 3.2";
			developmentRegion = English;
			hasScannedForEncodings = 0;
			knownRegions = (
				en,
				Base,
			);
			mainGroup = 8F7C89B91AFF9902002B7C15;
			productRefGroup = 8F7C89C31AFF9902002B7C15 /* Products */;
			projectDirPath = "";
			projectRoot = "";
			targets = (
				8F7C89C11AFF9902002B7C15 /* TableDemo */,
				8F7C89E21AFF9902002B7C15 /* TableDemoTests */,
			);
		};
/* End PBXProject section */

/* Begin PBXResourcesBuildPhase section */
		8F7C89C01AFF9902002B7C15 /* Resources */ = {
			isa = PBXResourcesBuildPhase;
			buildActionMask = 2147483647;
			files = (
				8F7C89DE1AFF9902002B7C15 /* Images.xcassets in Resources */,
				8F7C89D01AFF9902002B7C15 /* InfoPlist.strings in Resources */,
				8F7C89D91AFF9902002B7C15 /* Main.storyboard in Resources */,
			);
			runOnlyForDeploymentPostprocessing = 0;
		};
		8F7C89E11AFF9902002B7C15 /* Resources */ = {
			isa = PBXResourcesBuildPhase;
			buildActionMask = 2147483647;
			files = (
				8F7C89EF1AFF9902002B7C15 /* InfoPlist.strings in Resources */,
			);
			runOnlyForDeploymentPostprocessing = 0;
		};
/* End PBXResourcesBuildPhase section */

/* Begin PBXShellScriptBuildPhase section */
		52BDCD409F0751A56806007A /* Copy Pods Resources */ = {
			isa = PBXShellScriptBuildPhase;
			buildActionMask = 2147483647;
			files = (
			);
			inputPaths = (
			);
			name = "Copy Pods Resources";
			outputPaths = (
			);
			runOnlyForDeploymentPostprocessing = 0;
			shellPath = /bin/sh;
			shellScript = "\"${SRCROOT}/Pods/Target Support Files/Pods/Pods-resources.sh\"\n";
			showEnvVarsInLog = 0;
		};
		C04533D09A518BF4F2656F67 /* Check Pods Manifest.lock */ = {
			isa = PBXShellScriptBuildPhase;
			buildActionMask = 2147483647;
			files = (
			);
			inputPaths = (
			);
			name = "Check Pods Manifest.lock";
			outputPaths = (
			);
			runOnlyForDeploymentPostprocessing = 0;
			shellPath = /bin/sh;
			shellScript = "diff \"${PODS_ROOT}/../Podfile.lock\" \"${PODS_ROOT}/Manifest.lock\" > /dev/null\nif [[ $? != 0 ]] ; then\n    cat << EOM\nerror: The sandbox is not in sync with the Podfile.lock. Run 'pod install' or update your CocoaPods installation.\nEOM\n    exit 1\nfi\n";
			showEnvVarsInLog = 0;
		};
/* End PBXShellScriptBuildPhase section */

/* Begin PBXSourcesBuildPhase section */
		8F7C89BE1AFF9902002B7C15 /* Sources */ = {
			isa = PBXSourcesBuildPhase;
			buildActionMask = 2147483647;
			files = (
				8F32FA711B01D26D0056EB8E /* XYZBioCell.m in Sources */,
				8F32FA6B1B01D1F10056EB8E /* DetailTableViewController.m in Sources */,
				8F7C89DC1AFF9902002B7C15 /* XYZViewController.m in Sources */,
				8F32FA6E1B01D25B0056EB8E /* XYZAbilityCell.m in Sources */,
				8F7C89D61AFF9902002B7C15 /* XYZAppDelegate.m in Sources */,
				8F7C8A0C1B005297002B7C15 /* XYZHeroTableViewCell.m in Sources */,
				8F7C89D21AFF9902002B7C15 /* main.m in Sources */,
			);
			runOnlyForDeploymentPostprocessing = 0;
		};
		8F7C89DF1AFF9902002B7C15 /* Sources */ = {
			isa = PBXSourcesBuildPhase;
			buildActionMask = 2147483647;
			files = (
				8F7C89F11AFF9902002B7C15 /* TableDemoTests.m in Sources */,
			);
			runOnlyForDeploymentPostprocessing = 0;
		};
/* End PBXSourcesBuildPhase section */

/* Begin PBXTargetDependency section */
		8F7C89E91AFF9902002B7C15 /* PBXTargetDependency */ = {
			isa = PBXTargetDependency;
			target = 8F7C89C11AFF9902002B7C15 /* TableDemo */;
			targetProxy = 8F7C89E81AFF9902002B7C15 /* PBXContainerItemProxy */;
		};
/* End PBXTargetDependency section */

/* Begin PBXVariantGroup section */
		8F7C89CE1AFF9902002B7C15 /* InfoPlist.strings */ = {
			isa = PBXVariantGroup;
			children = (
				8F7C89CF1AFF9902002B7C15 /* en */,
			);
			name = InfoPlist.strings;
			sourceTree = "<group>";
		};
		8F7C89D71AFF9902002B7C15 /* Main.storyboard */ = {
			isa = PBXVariantGroup;
			children = (
				8F7C89D81AFF9902002B7C15 /* Base */,
			);
			name = Main.storyboard;
			sourceTree = "<group>";
		};
		8F7C89ED1AFF9902002B7C15 /* InfoPlist.strings */ = {
			isa = PBXVariantGroup;
			children = (
				8F7C89EE1AFF9902002B7C15 /* en */,
			);
			name = InfoPlist.strings;
			sourceTree = "<group>";
		};
/* End PBXVariantGroup section */

/* Begin XCBuildConfiguration section */
		8F7C89F21AFF9902002B7C15 /* Debug */ = {
			isa = XCBuildConfiguration;
			buildSettings = {
				ALWAYS_SEARCH_USER_PATHS = NO;
				CLANG_CXX_LANGUAGE_STANDARD = "gnu++0x";
				CLANG_CXX_LIBRARY = "libc++";
				CLANG_ENABLE_MODULES = YES;
				CLANG_ENABLE_OBJC_ARC = YES;
				CLANG_WARN_BOOL_CONVERSION = YES;
				CLANG_WARN_CONSTANT_CONVERSION = YES;
				CLANG_WARN_DIRECT_OBJC_ISA_USAGE = YES_ERROR;
				CLANG_WARN_EMPTY_BODY = YES;
				CLANG_WARN_ENUM_CONVERSION = YES;
				CLANG_WARN_INT_CONVERSION = YES;
				CLANG_WARN_OBJC_ROOT_CLASS = YES_ERROR;
				CLANG_WARN__DUPLICATE_METHOD_MATCH = YES;
				"CODE_SIGN_IDENTITY[sdk=iphoneos*]" = "iPhone Developer";
				COPY_PHASE_STRIP = NO;
				GCC_C_LANGUAGE_STANDARD = gnu99;
				GCC_DYNAMIC_NO_PIC = NO;
				GCC_OPTIMIZATION_LEVEL = 0;
				GCC_PREPROCESSOR_DEFINITIONS = (
					"DEBUG=1",
					"$(inherited)",
				);
				GCC_SYMBOLS_PRIVATE_EXTERN = NO;
				GCC_WARN_64_TO_32_BIT_CONVERSION = YES;
				GCC_WARN_ABOUT_RETURN_TYPE = YES_ERROR;
				GCC_WARN_UNDECLARED_SELECTOR = YES;
				GCC_WARN_UNINITIALIZED_AUTOS = YES_AGGRESSIVE;
				GCC_WARN_UNUSED_FUNCTION = YES;
				GCC_WARN_UNUSED_VARIABLE = YES;
				IPHONEOS_DEPLOYMENT_TARGET = 7.1;
				ONLY_ACTIVE_ARCH = YES;
				SDKROOT = iphoneos;
			};
			name = Debug;
		};
		8F7C89F31AFF9902002B7C15 /* Release */ = {
			isa = XCBuildConfiguration;
			buildSettings = {
				ALWAYS_SEARCH_USER_PATHS = NO;
				CLANG_CXX_LANGUAGE_STANDARD = "gnu++0x";
				CLANG_CXX_LIBRARY = "libc++";
				CLANG_ENABLE_MODULES = YES;
				CLANG_ENABLE_OBJC_ARC = YES;
				CLANG_WARN_BOOL_CONVERSION = YES;
				CLANG_WARN_CONSTANT_CONVERSION = YES;
				CLANG_WARN_DIRECT_OBJC_ISA_USAGE = YES_ERROR;
				CLANG_WARN_EMPTY_BODY = YES;
				CLANG_WARN_ENUM_CONVERSION = YES;
				CLANG_WARN_INT_CONVERSION = YES;
				CLANG_WARN_OBJC_ROOT_CLASS = YES_ERROR;
				CLANG_WARN__DUPLICATE_METHOD_MATCH = YES;
				"CODE_SIGN_IDENTITY[sdk=iphoneos*]" = "iPhone Developer";
				COPY_PHASE_STRIP = YES;
				ENABLE_NS_ASSERTIONS = NO;
				GCC_C_LANGUAGE_STANDARD = gnu99;
				GCC_WARN_64_TO_32_BIT_CONVERSION = YES;
				GCC_WARN_ABOUT_RETURN_TYPE = YES_ERROR;
				GCC_WARN_UNDECLARED_SELECTOR = YES;
				GCC_WARN_UNINITIALIZED_AUTOS = YES_AGGRESSIVE;
				GCC_WARN_UNUSED_FUNCTION = YES;
				GCC_WARN_UNUSED_VARIABLE = YES;
				IPHONEOS_DEPLOYMENT_TARGET = 7.1;
				SDKROOT = iphoneos;
				VALIDATE_PRODUCT = YES;
			};
			name = Release;
		};
		8F7C89F51AFF9902002B7C15 /* Debug */ = {
			isa = XCBuildConfiguration;
			baseConfigurationReference = 648E2E47A12AB0C34E98D330 /* Pods.debug.xcconfig */;
			buildSettings = {
				ASSETCATALOG_COMPILER_APPICON_NAME = AppIcon;
				ASSETCATALOG_COMPILER_LAUNCHIMAGE_NAME = LaunchImage;
				GCC_PRECOMPILE_PREFIX_HEADER = YES;
				GCC_PREFIX_HEADER = "TableDemo/TableDemo-Prefix.pch";
				INFOPLIST_FILE = "TableDemo/TableDemo-Info.plist";
				PRODUCT_NAME = "$(TARGET_NAME)";
				WRAPPER_EXTENSION = app;
			};
			name = Debug;
		};
		8F7C89F61AFF9902002B7C15 /* Release */ = {
			isa = XCBuildConfiguration;
			baseConfigurationReference = 1716A61012D781318FA7BA9E /* Pods.release.xcconfig */;
			buildSettings = {
				ASSETCATALOG_COMPILER_APPICON_NAME = AppIcon;
				ASSETCATALOG_COMPILER_LAUNCHIMAGE_NAME = LaunchImage;
				GCC_PRECOMPILE_PREFIX_HEADER = YES;
				GCC_PREFIX_HEADER = "TableDemo/TableDemo-Prefix.pch";
				INFOPLIST_FILE = "TableDemo/TableDemo-Info.plist";
				PRODUCT_NAME = "$(TARGET_NAME)";
				WRAPPER_EXTENSION = app;
			};
			name = Release;
		};
		8F7C89F81AFF9902002B7C15 /* Debug */ = {
			isa = XCBuildConfiguration;
			buildSettings = {
				BUNDLE_LOADER = "$(BUILT_PRODUCTS_DIR)/TableDemo.app/TableDemo";
				FRAMEWORK_SEARCH_PATHS = (
					"$(SDKROOT)/Developer/Library/Frameworks",
					"$(inherited)",
					"$(DEVELOPER_FRAMEWORKS_DIR)",
				);
				GCC_PRECOMPILE_PREFIX_HEADER = YES;
				GCC_PREFIX_HEADER = "TableDemo/TableDemo-Prefix.pch";
				GCC_PREPROCESSOR_DEFINITIONS = (
					"DEBUG=1",
					"$(inherited)",
				);
				INFOPLIST_FILE = "TableDemoTests/TableDemoTests-Info.plist";
				PRODUCT_NAME = "$(TARGET_NAME)";
				TEST_HOST = "$(BUNDLE_LOADER)";
				WRAPPER_EXTENSION = xctest;
			};
			name = Debug;
		};
		8F7C89F91AFF9902002B7C15 /* Release */ = {
			isa = XCBuildConfiguration;
			buildSettings = {
				BUNDLE_LOADER = "$(BUILT_PRODUCTS_DIR)/TableDemo.app/TableDemo";
				FRAMEWORK_SEARCH_PATHS = (
					"$(SDKROOT)/Developer/Library/Frameworks",
					"$(inherited)",
					"$(DEVELOPER_FRAMEWORKS_DIR)",
				);
				GCC_PRECOMPILE_PREFIX_HEADER = YES;
				GCC_PREFIX_HEADER = "TableDemo/TableDemo-Prefix.pch";
				INFOPLIST_FILE = "TableDemoTests/TableDemoTests-Info.plist";
				PRODUCT_NAME = "$(TARGET_NAME)";
				TEST_HOST = "$(BUNDLE_LOADER)";
				WRAPPER_EXTENSION = xctest;
			};
			name = Release;
		};
/* End XCBuildConfiguration section */

/* Begin XCConfigurationList section */
		8F7C89BD1AFF9902002B7C15 /* Build configuration list for PBXProject "TableDemo" */ = {
			isa = XCConfigurationList;
			buildConfigurations = (
				8F7C89F21AFF9902002B7C15 /* Debug */,
				8F7C89F31AFF9902002B7C15 /* Release */,
			);
			defaultConfigurationIsVisible = 0;
			defaultConfigurationName = Release;
		};
		8F7C89F41AFF9902002B7C15 /* Build configuration list for PBXNativeTarget "TableDemo" */ = {
			isa = XCConfigurationList;
			buildConfigurations = (
				8F7C89F51AFF9902002B7C15 /* Debug */,
				8F7C89F61AFF9902002B7C15 /* Release */,
			);
			defaultConfigurationIsVisible = 0;
			defaultConfigurationName = Release;
		};
		8F7C89F71AFF9902002B7C15 /* Build configuration list for PBXNativeTarget "TableDemoTests" */ = {
			isa = XCConfigurationList;
			buildConfigurations = (
				8F7C89F81AFF9902002B7C15 /* Debug */,
				8F7C89F91AFF9902002B7C15 /* Release */,
			);
			defaultConfigurationIsVisible = 0;
			defaultConfigurationName = Release;
		};
/* End XCConfigurationList section */
	};
	rootObject = 8F7C89BA1AFF9902002B7C15 /* Project object */;
}
